
Microsoft Visual Studio Solution File, Format Version 12.00
# Visual Studio Version 16
VisualStudioVersion = 16.0.30011.22
MinimumVisualStudioVersion = 10.0.40219.1
Project("{FAE04EC0-301F-11D3-BF4B-00C04F79EFBC}") = "jwtproject.api", "jwtproject.api\jwtproject.api.csproj", "{5C8F126C-5AFE-4A4A-A81F-1811C2A26621}"
EndProject
Project("{FAE04EC0-301F-11D3-BF4B-00C04F79EFBC}") = "jwtproject.web", "jwtproject.web\jwtproject.web.csproj", "{0B600878-DFCD-49FE-A1DF-20FD8C8323BC}"
EndProject
Global
	GlobalSection(SolutionConfigurationPlatforms) = preSolution
		Debug|Any CPU = Debug|Any CPU
		Release|Any CPU = Release|Any CPU
	EndGlobalSection
	GlobalSection(ProjectConfigurationPlatforms) = postSolution
		{5C8F126C-5AFE-4A4A-A81F-1811C2A26621}.Debug|Any CPU.ActiveCfg = Debug|Any CPU
		{5C8F126C-5AFE-4A4A-A81F-1811C2A26621}.Debug|Any CPU.Build.0 = Debug|Any CPU
		{5C8F126C-5AFE-4A4A-A81F-1811C2A26621}.Release|Any CPU.ActiveCfg = Release|Any CPU
		{5C8F126C-5AFE-4A4A-A81F-1811C2A26621}.Release|Any CPU.Build.0 = Release|Any CPU
		{0B600878-DFCD-49FE-A1DF-20FD8C8323BC}.Debug|Any CPU.ActiveCfg = Debug|Any CPU
		{0B600878-DFCD-49FE-A1DF-20FD8C8323BC}.Debug|Any CPU.Build.0 = Debug|Any CPU
		{0B600878-DFCD-49FE-A1DF-20FD8C8323BC}.Release|Any CPU.ActiveCfg = Release|Any CPU
		{0B600878-DFCD-49FE-A1DF-20FD8C8323BC}.Release|Any CPU.Build.0 = Release|Any CPU
	EndGlobalSection
	GlobalSection(SolutionProperties) = preSolution
		HideSolutionNode = FALSE
	EndGlobalSection
	GlobalSection(ExtensibilityGlobals) = postSolution
		SolutionGuid = {9C360982-A008-4BDD-9841-0CF921B116F4}
	EndGlobalSection
EndGlobal
